
Microsoft Visual Studio Solution File, Format Version 11.00
# Visual Studio 2010
Project("{FAE04EC0-301F-11D3-BF4B-00C04F79EFBC}") = "JavaScriptSamples", "JavaScriptSamples\JavaScriptSamples.csproj", "{6077B901-441B-4753-8476-86737E23532E}"
EndProject
Global
	GlobalSection(SolutionConfigurationPlatforms) = preSolution
		Debug|Any CPU = Debug|Any CPU
		Release|Any CPU = Release|Any CPU
	EndGlobalSection
	GlobalSection(ProjectConfigurationPlatforms) = postSolution
		{6077B901-441B-4753-8476-86737E23532E}.Debug|Any CPU.ActiveCfg = Debug|Any CPU
		{6077B901-441B-4753-8476-86737E23532E}.Debug|Any CPU.Build.0 = Debug|Any CPU
		{6077B901-441B-4753-8476-86737E23532E}.Release|Any CPU.ActiveCfg = Release|Any CPU
		{6077B901-441B-4753-8476-86737E23532E}.Release|Any CPU.Build.0 = Release|Any CPU
	EndGlobalSection
	GlobalSection(SolutionProperties) = preSolution
		HideSolutionNode = FALSE
	EndGlobalSection
EndGlobal
